// !$*UTF8*$!
{
	archiveVersion = 1;
	classes = {
	};
	objectVersion = 56;
	objects = {

/* Begin PBXBuildFile section */
		D50157DD29B687E100DFF99F /* SignUpViewController.swift in Sources */ = {isa = PBXBuildFile; fileRef = D50157DB29B687E100DFF99F /* SignUpViewController.swift */; };
		D50157DE29B687E100DFF99F /* SignUpViewController.xib in Resources */ = {isa = PBXBuildFile; fileRef = D50157DC29B687E100DFF99F /* SignUpViewController.xib */; };
		D513978F29AE42400055D99C /* AppDelegate.swift in Sources */ = {isa = PBXBuildFile; fileRef = D513978E29AE42400055D99C /* AppDelegate.swift */; };
		D513979129AE42400055D99C /* SceneDelegate.swift in Sources */ = {isa = PBXBuildFile; fileRef = D513979029AE42400055D99C /* SceneDelegate.swift */; };
		D513979329AE42400055D99C /* HomeViewController.swift in Sources */ = {isa = PBXBuildFile; fileRef = D513979229AE42400055D99C /* HomeViewController.swift */; };
		D513979629AE42400055D99C /* Main.storyboard in Resources */ = {isa = PBXBuildFile; fileRef = D513979429AE42400055D99C /* Main.storyboard */; };
		D513979829AE42410055D99C /* Assets.xcassets in Resources */ = {isa = PBXBuildFile; fileRef = D513979729AE42410055D99C /* Assets.xcassets */; };
		D513979B29AE42410055D99C /* LaunchScreen.storyboard in Resources */ = {isa = PBXBuildFile; fileRef = D513979929AE42410055D99C /* LaunchScreen.storyboard */; };
		D52F6CA129B324E500679055 /* UIPageControl+Extension.swift in Sources */ = {isa = PBXBuildFile; fileRef = D52F6CA029B324E500679055 /* UIPageControl+Extension.swift */; };
		D595907729B2A25200DE383E /* OnboardingViewController.swift in Sources */ = {isa = PBXBuildFile; fileRef = D595907629B2A25200DE383E /* OnboardingViewController.swift */; };
		D5E86A5929B2978200B4331D /* Poppins-SemiBold.ttf in Resources */ = {isa = PBXBuildFile; fileRef = D5E86A5029B2978200B4331D /* Poppins-SemiBold.ttf */; };
		D5E86A5A29B2978200B4331D /* Poppins-Black.ttf in Resources */ = {isa = PBXBuildFile; fileRef = D5E86A5129B2978200B4331D /* Poppins-Black.ttf */; };
		D5E86A5B29B2978200B4331D /* Poppins-Regular.ttf in Resources */ = {isa = PBXBuildFile; fileRef = D5E86A5229B2978200B4331D /* Poppins-Regular.ttf */; };
		D5E86A5C29B2978200B4331D /* Poppins-Medium.ttf in Resources */ = {isa = PBXBuildFile; fileRef = D5E86A5329B2978200B4331D /* Poppins-Medium.ttf */; };
		D5E86A5D29B2978200B4331D /* Poppins-Bold.ttf in Resources */ = {isa = PBXBuildFile; fileRef = D5E86A5429B2978200B4331D /* Poppins-Bold.ttf */; };
		D5E86A5E29B2978200B4331D /* Poppins-ExtraBold.ttf in Resources */ = {isa = PBXBuildFile; fileRef = D5E86A5529B2978200B4331D /* Poppins-ExtraBold.ttf */; };
		D5E86A5F29B2978200B4331D /* Poppins-Light.ttf in Resources */ = {isa = PBXBuildFile; fileRef = D5E86A5629B2978200B4331D /* Poppins-Light.ttf */; };
		D5E86A6029B2978200B4331D /* Poppins-Thin.ttf in Resources */ = {isa = PBXBuildFile; fileRef = D5E86A5729B2978200B4331D /* Poppins-Thin.ttf */; };
		D5E86A6129B2978200B4331D /* Poppins-ExtraLight.ttf in Resources */ = {isa = PBXBuildFile; fileRef = D5E86A5829B2978200B4331D /* Poppins-ExtraLight.ttf */; };
/* End PBXBuildFile section */

/* Begin PBXFileReference section */
		D50157DB29B687E100DFF99F /* SignUpViewController.swift */ = {isa = PBXFileReference; lastKnownFileType = sourcecode.swift; path = SignUpViewController.swift; sourceTree = "<group>"; };
		D50157DC29B687E100DFF99F /* SignUpViewController.xib */ = {isa = PBXFileReference; lastKnownFileType = file.xib; path = SignUpViewController.xib; sourceTree = "<group>"; };
		D513978B29AE42400055D99C /* MovieApp.app */ = {isa = PBXFileReference; explicitFileType = wrapper.application; includeInIndex = 0; path = MovieApp.app; sourceTree = BUILT_PRODUCTS_DIR; };
		D513978E29AE42400055D99C /* AppDelegate.swift */ = {isa = PBXFileReference; lastKnownFileType = sourcecode.swift; path = AppDelegate.swift; sourceTree = "<group>"; };
		D513979029AE42400055D99C /* SceneDelegate.swift */ = {isa = PBXFileReference; lastKnownFileType = sourcecode.swift; path = SceneDelegate.swift; sourceTree = "<group>"; };
		D513979229AE42400055D99C /* HomeViewController.swift */ = {isa = PBXFileReference; lastKnownFileType = sourcecode.swift; path = HomeViewController.swift; sourceTree = "<group>"; };
		D513979529AE42400055D99C /* Base */ = {isa = PBXFileReference; lastKnownFileType = file.storyboard; name = Base; path = Base.lproj/Main.storyboard; sourceTree = "<group>"; };
		D513979729AE42410055D99C /* Assets.xcassets */ = {isa = PBXFileReference; lastKnownFileType = folder.assetcatalog; path = Assets.xcassets; sourceTree = "<group>"; };
		D513979A29AE42410055D99C /* Base */ = {isa = PBXFileReference; lastKnownFileType = file.storyboard; name = Base; path = Base.lproj/LaunchScreen.storyboard; sourceTree = "<group>"; };
		D513979C29AE42410055D99C /* Info.plist */ = {isa = PBXFileReference; lastKnownFileType = text.plist.xml; path = Info.plist; sourceTree = "<group>"; };
		D52F6CA029B324E500679055 /* UIPageControl+Extension.swift */ = {isa = PBXFileReference; lastKnownFileType = sourcecode.swift; path = "UIPageControl+Extension.swift"; sourceTree = "<group>"; };
		D595907629B2A25200DE383E /* OnboardingViewController.swift */ = {isa = PBXFileReference; lastKnownFileType = sourcecode.swift; path = OnboardingViewController.swift; sourceTree = "<group>"; };
		D5E86A5029B2978200B4331D /* Poppins-SemiBold.ttf */ = {isa = PBXFileReference; lastKnownFileType = file; name = "Poppins-SemiBold.ttf"; path = "../../../../../../Downloads/Poppins/Poppins-SemiBold.ttf"; sourceTree = "<group>"; };
		D5E86A5129B2978200B4331D /* Poppins-Black.ttf */ = {isa = PBXFileReference; lastKnownFileType = file; name = "Poppins-Black.ttf"; path = "../../../../../../Downloads/Poppins/Poppins-Black.ttf"; sourceTree = "<group>"; };
		D5E86A5229B2978200B4331D /* Poppins-Regular.ttf */ = {isa = PBXFileReference; lastKnownFileType = file; name = "Poppins-Regular.ttf"; path = "../../../../../../Downloads/Poppins/Poppins-Regular.ttf"; sourceTree = "<group>"; };
		D5E86A5329B2978200B4331D /* Poppins-Medium.ttf */ = {isa = PBXFileReference; lastKnownFileType = file; name = "Poppins-Medium.ttf"; path = "../../../../../../Downloads/Poppins/Poppins-Medium.ttf"; sourceTree = "<group>"; };
		D5E86A5429B2978200B4331D /* Poppins-Bold.ttf */ = {isa = PBXFileReference; lastKnownFileType = file; name = "Poppins-Bold.ttf"; path = "../../../../../../Downloads/Poppins/Poppins-Bold.ttf"; sourceTree = "<group>"; };
		D5E86A5529B2978200B4331D /* Poppins-ExtraBold.ttf */ = {isa = PBXFileReference; lastKnownFileType = file; name = "Poppins-ExtraBold.ttf"; path = "../../../../../../Downloads/Poppins/Poppins-ExtraBold.ttf"; sourceTree = "<group>"; };
		D5E86A5629B2978200B4331D /* Poppins-Light.ttf */ = {isa = PBXFileReference; lastKnownFileType = file; name = "Poppins-Light.ttf"; path = "../../../../../../Downloads/Poppins/Poppins-Light.ttf"; sourceTree = "<group>"; };
		D5E86A5729B2978200B4331D /* Poppins-Thin.ttf */ = {isa = PBXFileReference; lastKnownFileType = file; name = "Poppins-Thin.ttf"; path = "../../../../../../Downloads/Poppins/Poppins-Thin.ttf"; sourceTree = "<group>"; };
		D5E86A5829B2978200B4331D /* Poppins-ExtraLight.ttf */ = {isa = PBXFileReference; lastKnownFileType = file; name = "Poppins-ExtraLight.ttf"; path = "../../../../../../Downloads/Poppins/Poppins-ExtraLight.ttf"; sourceTree = "<group>"; };
/* End PBXFileReference section */

/* Begin PBXFrameworksBuildPhase section */
		D513978829AE42400055D99C /* Frameworks */ = {
			isa = PBXFrameworksBuildPhase;
			buildActionMask = 2147483647;
			files = (
			);
			runOnlyForDeploymentPostprocessing = 0;
		};
/* End PBXFrameworksBuildPhase section */

/* Begin PBXGroup section */
		D50157D929B686F100DFF99F /* SignUp */ = {
			isa = PBXGroup;
			children = (
				D50157DB29B687E100DFF99F /* SignUpViewController.swift */,
				D50157DC29B687E100DFF99F /* SignUpViewController.xib */,
			);
			path = SignUp;
			sourceTree = "<group>";
		};
		D50157DA29B6870000DFF99F /* Login */ = {
			isa = PBXGroup;
			children = (
			);
			name = Login;
			path = "lOGİN";
			sourceTree = "<group>";
		};
		D513978229AE42400055D99C = {
			isa = PBXGroup;
			children = (
				D513978D29AE42400055D99C /* MovieApp */,
				D513978C29AE42400055D99C /* Products */,
			);
			sourceTree = "<group>";
		};
		D513978C29AE42400055D99C /* Products */ = {
			isa = PBXGroup;
			children = (
				D513978B29AE42400055D99C /* MovieApp.app */,
			);
			name = Products;
			sourceTree = "<group>";
		};
		D513978D29AE42400055D99C /* MovieApp */ = {
			isa = PBXGroup;
			children = (
				D51397AE29AF44D20055D99C /* Model */,
				D51397AB29AE44060055D99C /* Network */,
				D51397A729AE43130055D99C /* Resource */,
				D51397A529AE42CE0055D99C /* Helpers */,
				D51397A429AE42A30055D99C /* Scenes */,
				D51397A329AE429D0055D99C /* Base */,
				D51397A229AE42930055D99C /* App */,
				D513979429AE42400055D99C /* Main.storyboard */,
				D513979929AE42410055D99C /* LaunchScreen.storyboard */,
			);
			path = MovieApp;
			sourceTree = "<group>";
		};
		D51397A229AE42930055D99C /* App */ = {
			isa = PBXGroup;
			children = (
				D513979C29AE42410055D99C /* Info.plist */,
				D513978E29AE42400055D99C /* AppDelegate.swift */,
				D513979029AE42400055D99C /* SceneDelegate.swift */,
			);
			path = App;
			sourceTree = "<group>";
		};
		D51397A329AE429D0055D99C /* Base */ = {
			isa = PBXGroup;
			children = (
			);
			path = Base;
			sourceTree = "<group>";
		};
		D51397A429AE42A30055D99C /* Scenes */ = {
			isa = PBXGroup;
			children = (
				D50157DA29B6870000DFF99F /* Login */,
				D50157D929B686F100DFF99F /* SignUp */,
				D51397AD29AE49BD0055D99C /* Home */,
				D51397AC29AE49B40055D99C /* Onboarding */,
			);
			path = Scenes;
			sourceTree = "<group>";
		};
		D51397A529AE42CE0055D99C /* Helpers */ = {
			isa = PBXGroup;
			children = (
				D51397A629AE42D30055D99C /* Extensions */,
			);
			path = Helpers;
			sourceTree = "<group>";
		};
		D51397A629AE42D30055D99C /* Extensions */ = {
			isa = PBXGroup;
			children = (
				D52F6CA029B324E500679055 /* UIPageControl+Extension.swift */,
			);
			path = Extensions;
			sourceTree = "<group>";
		};
		D51397A729AE43130055D99C /* Resource */ = {
			isa = PBXGroup;
			children = (
				D513979729AE42410055D99C /* Assets.xcassets */,
				D5E86A4F29B296F500B4331D /* Font */,
			);
			path = Resource;
			sourceTree = "<group>";
		};
		D51397AB29AE44060055D99C /* Network */ = {
			isa = PBXGroup;
			children = (
			);
			path = Network;
			sourceTree = "<group>";
		};
		D51397AC29AE49B40055D99C /* Onboarding */ = {
			isa = PBXGroup;
			children = (
				D595907629B2A25200DE383E /* OnboardingViewController.swift */,
			);
			path = Onboarding;
			sourceTree = "<group>";
		};
		D51397AD29AE49BD0055D99C /* Home */ = {
			isa = PBXGroup;
			children = (
				D513979229AE42400055D99C /* HomeViewController.swift */,
			);
			path = Home;
			sourceTree = "<group>";
		};
		D51397AE29AF44D20055D99C /* Model */ = {
			isa = PBXGroup;
			children = (
			);
			path = Model;
			sourceTree = "<group>";
		};
		D5E86A4F29B296F500B4331D /* Font */ = {
			isa = PBXGroup;
			children = (
				D5E86A5129B2978200B4331D /* Poppins-Black.ttf */,
				D5E86A5429B2978200B4331D /* Poppins-Bold.ttf */,
				D5E86A5529B2978200B4331D /* Poppins-ExtraBold.ttf */,
				D5E86A5829B2978200B4331D /* Poppins-ExtraLight.ttf */,
				D5E86A5629B2978200B4331D /* Poppins-Light.ttf */,
				D5E86A5329B2978200B4331D /* Poppins-Medium.ttf */,
				D5E86A5229B2978200B4331D /* Poppins-Regular.ttf */,
				D5E86A5029B2978200B4331D /* Poppins-SemiBold.ttf */,
				D5E86A5729B2978200B4331D /* Poppins-Thin.ttf */,
			);
			path = Font;
			sourceTree = "<group>";
		};
/* End PBXGroup section */

/* Begin PBXNativeTarget section */
		D513978A29AE42400055D99C /* MovieApp */ = {
			isa = PBXNativeTarget;
			buildConfigurationList = D513979F29AE42410055D99C /* Build configuration list for PBXNativeTarget "MovieApp" */;
			buildPhases = (
				D513978729AE42400055D99C /* Sources */,
				D513978829AE42400055D99C /* Frameworks */,
				D513978929AE42400055D99C /* Resources */,
			);
			buildRules = (
			);
			dependencies = (
			);
			name = MovieApp;
			productName = MovieApp;
			productReference = D513978B29AE42400055D99C /* MovieApp.app */;
			productType = "com.apple.product-type.application";
		};
/* End PBXNativeTarget section */

/* Begin PBXProject section */
		D513978329AE42400055D99C /* Project object */ = {
			isa = PBXProject;
			attributes = {
				BuildIndependentTargetsInParallel = 1;
				LastSwiftUpdateCheck = 1420;
				LastUpgradeCheck = 1420;
				TargetAttributes = {
					D513978A29AE42400055D99C = {
						CreatedOnToolsVersion = 14.2;
					};
				};
			};
			buildConfigurationList = D513978629AE42400055D99C /* Build configuration list for PBXProject "MovieApp" */;
			compatibilityVersion = "Xcode 14.0";
			developmentRegion = en;
			hasScannedForEncodings = 0;
			knownRegions = (
				en,
				Base,
			);
			mainGroup = D513978229AE42400055D99C;
			productRefGroup = D513978C29AE42400055D99C /* Products */;
			projectDirPath = "";
			projectRoot = "";
			targets = (
				D513978A29AE42400055D99C /* MovieApp */,
			);
		};
/* End PBXProject section */

/* Begin PBXResourcesBuildPhase section */
		D513978929AE42400055D99C /* Resources */ = {
			isa = PBXResourcesBuildPhase;
			buildActionMask = 2147483647;
			files = (
				D5E86A6129B2978200B4331D /* Poppins-ExtraLight.ttf in Resources */,
				D513979B29AE42410055D99C /* LaunchScreen.storyboard in Resources */,
				D5E86A5F29B2978200B4331D /* Poppins-Light.ttf in Resources */,
				D50157DE29B687E100DFF99F /* SignUpViewController.xib in Resources */,
				D5E86A5E29B2978200B4331D /* Poppins-ExtraBold.ttf in Resources */,
				D5E86A5C29B2978200B4331D /* Poppins-Medium.ttf in Resources */,
				D5E86A5929B2978200B4331D /* Poppins-SemiBold.ttf in Resources */,
				D5E86A5D29B2978200B4331D /* Poppins-Bold.ttf in Resources */,
				D513979829AE42410055D99C /* Assets.xcassets in Resources */,
				D5E86A5B29B2978200B4331D /* Poppins-Regular.ttf in Resources */,
				D513979629AE42400055D99C /* Main.storyboard in Resources */,
				D5E86A6029B2978200B4331D /* Poppins-Thin.ttf in Resources */,
				D5E86A5A29B2978200B4331D /* Poppins-Black.ttf in Resources */,
			);
			runOnlyForDeploymentPostprocessing = 0;
		};
/* End PBXResourcesBuildPhase section */

/* Begin PBXSourcesBuildPhase section */
		D513978729AE42400055D99C /* Sources */ = {
			isa = PBXSourcesBuildPhase;
			buildActionMask = 2147483647;
			files = (
				D50157DD29B687E100DFF99F /* SignUpViewController.swift in Sources */,
				D52F6CA129B324E500679055 /* UIPageControl+Extension.swift in Sources */,
				D513979329AE42400055D99C /* HomeViewController.swift in Sources */,
				D513978F29AE42400055D99C /* AppDelegate.swift in Sources */,
				D513979129AE42400055D99C /* SceneDelegate.swift in Sources */,
				D595907729B2A25200DE383E /* OnboardingViewController.swift in Sources */,
			);
			runOnlyForDeploymentPostprocessing = 0;
		};
/* End PBXSourcesBuildPhase section */

/* Begin PBXVariantGroup section */
		D513979429AE42400055D99C /* Main.storyboard */ = {
			isa = PBXVariantGroup;
			children = (
				D513979529AE42400055D99C /* Base */,
			);
			name = Main.storyboard;
			sourceTree = "<group>";
		};
		D513979929AE42410055D99C /* LaunchScreen.storyboard */ = {
			isa = PBXVariantGroup;
			children = (
				D513979A29AE42410055D99C /* Base */,
			);
			name = LaunchScreen.storyboard;
			sourceTree = "<group>";
		};
/* End PBXVariantGroup section */

/* Begin XCBuildConfiguration section */
		D513979D29AE42410055D99C /* Debug */ = {
			isa = XCBuildConfiguration;
			buildSettings = {
				ALWAYS_SEARCH_USER_PATHS = NO;
				CLANG_ANALYZER_NONNULL = YES;
				CLANG_ANALYZER_NUMBER_OBJECT_CONVERSION = YES_AGGRESSIVE;
				CLANG_CXX_LANGUAGE_STANDARD = "gnu++20";
				CLANG_ENABLE_MODULES = YES;
				CLANG_ENABLE_OBJC_ARC = YES;
				CLANG_ENABLE_OBJC_WEAK = YES;
				CLANG_WARN_BLOCK_CAPTURE_AUTORELEASING = YES;
				CLANG_WARN_BOOL_CONVERSION = YES;
				CLANG_WARN_COMMA = YES;
				CLANG_WARN_CONSTANT_CONVERSION = YES;
				CLANG_WARN_DEPRECATED_OBJC_IMPLEMENTATIONS = YES;
				CLANG_WARN_DIRECT_OBJC_ISA_USAGE = YES_ERROR;
				CLANG_WARN_DOCUMENTATION_COMMENTS = YES;
				CLANG_WARN_EMPTY_BODY = YES;
				CLANG_WARN_ENUM_CONVERSION = YES;
				CLANG_WARN_INFINITE_RECURSION = YES;
				CLANG_WARN_INT_CONVERSION = YES;
				CLANG_WARN_NON_LITERAL_NULL_CONVERSION = YES;
				CLANG_WARN_OBJC_IMPLICIT_RETAIN_SELF = YES;
				CLANG_WARN_OBJC_LITERAL_CONVERSION = YES;
				CLANG_WARN_OBJC_ROOT_CLASS = YES_ERROR;
				CLANG_WARN_QUOTED_INCLUDE_IN_FRAMEWORK_HEADER = YES;
				CLANG_WARN_RANGE_LOOP_ANALYSIS = YES;
				CLANG_WARN_STRICT_PROTOTYPES = YES;
				CLANG_WARN_SUSPICIOUS_MOVE = YES;
				CLANG_WARN_UNGUARDED_AVAILABILITY = YES_AGGRESSIVE;
				CLANG_WARN_UNREACHABLE_CODE = YES;
				CLANG_WARN__DUPLICATE_METHOD_MATCH = YES;
				COPY_PHASE_STRIP = NO;
				DEBUG_INFORMATION_FORMAT = dwarf;
				ENABLE_STRICT_OBJC_MSGSEND = YES;
				ENABLE_TESTABILITY = YES;
				GCC_C_LANGUAGE_STANDARD = gnu11;
				GCC_DYNAMIC_NO_PIC = NO;
				GCC_NO_COMMON_BLOCKS = YES;
				GCC_OPTIMIZATION_LEVEL = 0;
				GCC_PREPROCESSOR_DEFINITIONS = (
					"DEBUG=1",
					"$(inherited)",
				);
				GCC_WARN_64_TO_32_BIT_CONVERSION = YES;
				GCC_WARN_ABOUT_RETURN_TYPE = YES_ERROR;
				GCC_WARN_UNDECLARED_SELECTOR = YES;
				GCC_WARN_UNINITIALIZED_AUTOS = YES_AGGRESSIVE;
				GCC_WARN_UNUSED_FUNCTION = YES;
				GCC_WARN_UNUSED_VARIABLE = YES;
				IPHONEOS_DEPLOYMENT_TARGET = 16.2;
				MTL_ENABLE_DEBUG_INFO = INCLUDE_SOURCE;
				MTL_FAST_MATH = YES;
				ONLY_ACTIVE_ARCH = YES;
				SDKROOT = iphoneos;
				SWIFT_ACTIVE_COMPILATION_CONDITIONS = DEBUG;
				SWIFT_OPTIMIZATION_LEVEL = "-Onone";
			};
			name = Debug;
		};
		D513979E29AE42410055D99C /* Release */ = {
			isa = XCBuildConfiguration;
			buildSettings = {
				ALWAYS_SEARCH_USER_PATHS = NO;
				CLANG_ANALYZER_NONNULL = YES;
				CLANG_ANALYZER_NUMBER_OBJECT_CONVERSION = YES_AGGRESSIVE;
				CLANG_CXX_LANGUAGE_STANDARD = "gnu++20";
				CLANG_ENABLE_MODULES = YES;
				CLANG_ENABLE_OBJC_ARC = YES;
				CLANG_ENABLE_OBJC_WEAK = YES;
				CLANG_WARN_BLOCK_CAPTURE_AUTORELEASING = YES;
				CLANG_WARN_BOOL_CONVERSION = YES;
				CLANG_WARN_COMMA = YES;
				CLANG_WARN_CONSTANT_CONVERSION = YES;
				CLANG_WARN_DEPRECATED_OBJC_IMPLEMENTATIONS = YES;
				CLANG_WARN_DIRECT_OBJC_ISA_USAGE = YES_ERROR;
				CLANG_WARN_DOCUMENTATION_COMMENTS = YES;
				CLANG_WARN_EMPTY_BODY = YES;
				CLANG_WARN_ENUM_CONVERSION = YES;
				CLANG_WARN_INFINITE_RECURSION = YES;
				CLANG_WARN_INT_CONVERSION = YES;
				CLANG_WARN_NON_LITERAL_NULL_CONVERSION = YES;
				CLANG_WARN_OBJC_IMPLICIT_RETAIN_SELF = YES;
				CLANG_WARN_OBJC_LITERAL_CONVERSION = YES;
				CLANG_WARN_OBJC_ROOT_CLASS = YES_ERROR;
				CLANG_WARN_QUOTED_INCLUDE_IN_FRAMEWORK_HEADER = YES;
				CLANG_WARN_RANGE_LOOP_ANALYSIS = YES;
				CLANG_WARN_STRICT_PROTOTYPES = YES;
				CLANG_WARN_SUSPICIOUS_MOVE = YES;
				CLANG_WARN_UNGUARDED_AVAILABILITY = YES_AGGRESSIVE;
				CLANG_WARN_UNREACHABLE_CODE = YES;
				CLANG_WARN__DUPLICATE_METHOD_MATCH = YES;
				COPY_PHASE_STRIP = NO;
				DEBUG_INFORMATION_FORMAT = "dwarf-with-dsym";
				ENABLE_NS_ASSERTIONS = NO;
				ENABLE_STRICT_OBJC_MSGSEND = YES;
				GCC_C_LANGUAGE_STANDARD = gnu11;
				GCC_NO_COMMON_BLOCKS = YES;
				GCC_WARN_64_TO_32_BIT_CONVERSION = YES;
				GCC_WARN_ABOUT_RETURN_TYPE = YES_ERROR;
				GCC_WARN_UNDECLARED_SELECTOR = YES;
				GCC_WARN_UNINITIALIZED_AUTOS = YES_AGGRESSIVE;
				GCC_WARN_UNUSED_FUNCTION = YES;
				GCC_WARN_UNUSED_VARIABLE = YES;
				IPHONEOS_DEPLOYMENT_TARGET = 16.2;
				MTL_ENABLE_DEBUG_INFO = NO;
				MTL_FAST_MATH = YES;
				SDKROOT = iphoneos;
				SWIFT_COMPILATION_MODE = wholemodule;
				SWIFT_OPTIMIZATION_LEVEL = "-O";
				VALIDATE_PRODUCT = YES;
			};
			name = Release;
		};
		D51397A029AE42410055D99C /* Debug */ = {
			isa = XCBuildConfiguration;
			buildSettings = {
				ASSETCATALOG_COMPILER_APPICON_NAME = AppIcon;
				ASSETCATALOG_COMPILER_GLOBAL_ACCENT_COLOR_NAME = AccentColor;
				CODE_SIGN_STYLE = Automatic;
				CURRENT_PROJECT_VERSION = 1;
				DEVELOPMENT_TEAM = U4CM69XWB9;
				GENERATE_INFOPLIST_FILE = YES;
				INFOPLIST_FILE = MovieApp/App/Info.plist;
				INFOPLIST_KEY_UIApplicationSupportsIndirectInputEvents = YES;
				INFOPLIST_KEY_UILaunchStoryboardName = LaunchScreen;
				INFOPLIST_KEY_UIMainStoryboardFile = Main;
				INFOPLIST_KEY_UISupportedInterfaceOrientations = UIInterfaceOrientationPortrait;
				INFOPLIST_KEY_UISupportedInterfaceOrientations_iPad = "UIInterfaceOrientationLandscapeLeft UIInterfaceOrientationLandscapeRight UIInterfaceOrientationPortrait UIInterfaceOrientationPortraitUpsideDown";
				LD_RUNPATH_SEARCH_PATHS = (
					"$(inherited)",
					"@executable_path/Frameworks",
				);
				MARKETING_VERSION = 1.0;
				PRODUCT_BUNDLE_IDENTIFIER = com.batuhandemirbas.MovieApp;
				PRODUCT_NAME = "$(TARGET_NAME)";
				SUPPORTED_PLATFORMS = "iphoneos iphonesimulator";
				SUPPORTS_MACCATALYST = NO;
				SUPPORTS_MAC_DESIGNED_FOR_IPHONE_IPAD = NO;
				SWIFT_EMIT_LOC_STRINGS = YES;
				SWIFT_VERSION = 5.0;
				TARGETED_DEVICE_FAMILY = 1;
			};
			name = Debug;
		};
		D51397A129AE42410055D99C /* Release */ = {
			isa = XCBuildConfiguration;
			buildSettings = {
				ASSETCATALOG_COMPILER_APPICON_NAME = AppIcon;
				ASSETCATALOG_COMPILER_GLOBAL_ACCENT_COLOR_NAME = AccentColor;
				CODE_SIGN_STYLE = Automatic;
				CURRENT_PROJECT_VERSION = 1;
				DEVELOPMENT_TEAM = U4CM69XWB9;
				GENERATE_INFOPLIST_FILE = YES;
				INFOPLIST_FILE = MovieApp/App/Info.plist;
				INFOPLIST_KEY_UIApplicationSupportsIndirectInputEvents = YES;
				INFOPLIST_KEY_UILaunchStoryboardName = LaunchScreen;
				INFOPLIST_KEY_UIMainStoryboardFile = Main;
				INFOPLIST_KEY_UISupportedInterfaceOrientations = UIInterfaceOrientationPortrait;
				INFOPLIST_KEY_UISupportedInterfaceOrientations_iPad = "UIInterfaceOrientationLandscapeLeft UIInterfaceOrientationLandscapeRight UIInterfaceOrientationPortrait UIInterfaceOrientationPortraitUpsideDown";
				LD_RUNPATH_SEARCH_PATHS = (
					"$(inherited)",
					"@executable_path/Frameworks",
				);
				MARKETING_VERSION = 1.0;
				PRODUCT_BUNDLE_IDENTIFIER = com.batuhandemirbas.MovieApp;
				PRODUCT_NAME = "$(TARGET_NAME)";
				SUPPORTED_PLATFORMS = "iphoneos iphonesimulator";
				SUPPORTS_MACCATALYST = NO;
				SUPPORTS_MAC_DESIGNED_FOR_IPHONE_IPAD = NO;
				SWIFT_EMIT_LOC_STRINGS = YES;
				SWIFT_VERSION = 5.0;
				TARGETED_DEVICE_FAMILY = 1;
			};
			name = Release;
		};
/* End XCBuildConfiguration section */

/* Begin XCConfigurationList section */
		D513978629AE42400055D99C /* Build configuration list for PBXProject "MovieApp" */ = {
			isa = XCConfigurationList;
			buildConfigurations = (
				D513979D29AE42410055D99C /* Debug */,
				D513979E29AE42410055D99C /* Release */,
			);
			defaultConfigurationIsVisible = 0;
			defaultConfigurationName = Release;
		};
		D513979F29AE42410055D99C /* Build configuration list for PBXNativeTarget "MovieApp" */ = {
			isa = XCConfigurationList;
			buildConfigurations = (
				D51397A029AE42410055D99C /* Debug */,
				D51397A129AE42410055D99C /* Release */,
			);
			defaultConfigurationIsVisible = 0;
			defaultConfigurationName = Release;
		};
/* End XCConfigurationList section */
	};
	rootObject = D513978329AE42400055D99C /* Project object */;
}
