// !$*UTF8*$!
{
	archiveVersion = 1;
	classes = {
	};
	objectVersion = 56;
	objects = {

/* Begin PBXBuildFile section */
		76A0DB50F8699A6756754D1F /* Pods_MovieApp.framework in Frameworks */ = {isa = PBXBuildFile; fileRef = 445A39ECD6C767F595DA2741 /* Pods_MovieApp.framework */; };
		D50157DD29B687E100DFF99F /* SignUpViewController.swift in Sources */ = {isa = PBXBuildFile; fileRef = D50157DB29B687E100DFF99F /* SignUpViewController.swift */; };
		D504CDE329C710D600EE10AE /* HomeViewController.swift in Sources */ = {isa = PBXBuildFile; fileRef = D504CDE229C710D600EE10AE /* HomeViewController.swift */; };
		D504CDE729C713D300EE10AE /* HomeCollectionViewCell.swift in Sources */ = {isa = PBXBuildFile; fileRef = D504CDE529C713D300EE10AE /* HomeCollectionViewCell.swift */; };
		D504CDE829C713D300EE10AE /* HomeCollectionViewCell.xib in Resources */ = {isa = PBXBuildFile; fileRef = D504CDE629C713D300EE10AE /* HomeCollectionViewCell.xib */; };
		D504CDEA29C71ADB00EE10AE /* SearchTextField.swift in Sources */ = {isa = PBXBuildFile; fileRef = D504CDE929C71ADB00EE10AE /* SearchTextField.swift */; };
		D504CDEE29C748D500EE10AE /* HomeHelper.swift in Sources */ = {isa = PBXBuildFile; fileRef = D504CDED29C748D500EE10AE /* HomeHelper.swift */; };
		D504CDF029C74ABF00EE10AE /* HomeManager.swift in Sources */ = {isa = PBXBuildFile; fileRef = D504CDEF29C74ABF00EE10AE /* HomeManager.swift */; };
		D504CDF229C74EC800EE10AE /* HomeViewModel.swift in Sources */ = {isa = PBXBuildFile; fileRef = D504CDF129C74EC800EE10AE /* HomeViewModel.swift */; };
		D50B79D429C06055003794C6 /* NowCollectionViewCell.swift in Sources */ = {isa = PBXBuildFile; fileRef = D50B79D229C06055003794C6 /* NowCollectionViewCell.swift */; };
		D50B79D529C06055003794C6 /* NowCollectionViewCell.xib in Resources */ = {isa = PBXBuildFile; fileRef = D50B79D329C06055003794C6 /* NowCollectionViewCell.xib */; };
		D50B79DA29C06A30003794C6 /* PopularCollectionViewCell.swift in Sources */ = {isa = PBXBuildFile; fileRef = D50B79D829C06A30003794C6 /* PopularCollectionViewCell.swift */; };
		D50B79DB29C06A30003794C6 /* PopularCollectionViewCell.xib in Resources */ = {isa = PBXBuildFile; fileRef = D50B79D929C06A30003794C6 /* PopularCollectionViewCell.xib */; };
		D50FD3B429E0C241004BA14F /* Kingfisher in Frameworks */ = {isa = PBXBuildFile; productRef = D50FD3B329E0C241004BA14F /* Kingfisher */; };
		D50FD3B729E0C26C004BA14F /* Alamofire in Frameworks */ = {isa = PBXBuildFile; productRef = D50FD3B629E0C26C004BA14F /* Alamofire */; };
		D513978F29AE42400055D99C /* AppDelegate.swift in Sources */ = {isa = PBXBuildFile; fileRef = D513978E29AE42400055D99C /* AppDelegate.swift */; };
		D513979129AE42400055D99C /* SceneDelegate.swift in Sources */ = {isa = PBXBuildFile; fileRef = D513979029AE42400055D99C /* SceneDelegate.swift */; };
		D513979329AE42400055D99C /* ViewController.swift in Sources */ = {isa = PBXBuildFile; fileRef = D513979229AE42400055D99C /* ViewController.swift */; };
		D513979629AE42400055D99C /* Main.storyboard in Resources */ = {isa = PBXBuildFile; fileRef = D513979429AE42400055D99C /* Main.storyboard */; };
		D513979829AE42410055D99C /* Assets.xcassets in Resources */ = {isa = PBXBuildFile; fileRef = D513979729AE42410055D99C /* Assets.xcassets */; };
		D513979B29AE42410055D99C /* LaunchScreen.storyboard in Resources */ = {isa = PBXBuildFile; fileRef = D513979929AE42410055D99C /* LaunchScreen.storyboard */; };
		D51F60D629C779DF006C1E05 /* DetailHelper.swift in Sources */ = {isa = PBXBuildFile; fileRef = D51F60D529C779DF006C1E05 /* DetailHelper.swift */; };
		D51F60D829C779EB006C1E05 /* DetailManager.swift in Sources */ = {isa = PBXBuildFile; fileRef = D51F60D729C779EB006C1E05 /* DetailManager.swift */; };
		D51F60DA29C77B5B006C1E05 /* MovieDetail.swift in Sources */ = {isa = PBXBuildFile; fileRef = D51F60D929C77B5B006C1E05 /* MovieDetail.swift */; };
		D51F60DD29C77CB1006C1E05 /* DetailViewModel.swift in Sources */ = {isa = PBXBuildFile; fileRef = D51F60DC29C77CB1006C1E05 /* DetailViewModel.swift */; };
		D52F6CA129B324E500679055 /* UIPageControl+Extension.swift in Sources */ = {isa = PBXBuildFile; fileRef = D52F6CA029B324E500679055 /* UIPageControl+Extension.swift */; };
		D532D03329CB8D7700ADF090 /* GenreCollectionViewCell.swift in Sources */ = {isa = PBXBuildFile; fileRef = D532D03129CB8D7700ADF090 /* GenreCollectionViewCell.swift */; };
		D532D03429CB8D7700ADF090 /* GenreCollectionViewCell.xib in Resources */ = {isa = PBXBuildFile; fileRef = D532D03229CB8D7700ADF090 /* GenreCollectionViewCell.xib */; };
		D532D03629CB9C5100ADF090 /* Credits.swift in Sources */ = {isa = PBXBuildFile; fileRef = D532D03529CB9C5100ADF090 /* Credits.swift */; };
		D5423A0A29C303AB008DDB7D /* ForgotPasswordViewController.swift in Sources */ = {isa = PBXBuildFile; fileRef = D5423A0929C303AB008DDB7D /* ForgotPasswordViewController.swift */; };
		D5423A0E29C31050008DDB7D /* VerificationViewController.swift in Sources */ = {isa = PBXBuildFile; fileRef = D5423A0D29C31050008DDB7D /* VerificationViewController.swift */; };
		D5423A1129C345F0008DDB7D /* CreatePasswordViewController.swift in Sources */ = {isa = PBXBuildFile; fileRef = D5423A1029C345F0008DDB7D /* CreatePasswordViewController.swift */; };
		D5423A1329C350D1008DDB7D /* UIImageView+Extension.swift in Sources */ = {isa = PBXBuildFile; fileRef = D5423A1229C350D1008DDB7D /* UIImageView+Extension.swift */; };
		D5423A1529C35166008DDB7D /* DetailViewController.swift in Sources */ = {isa = PBXBuildFile; fileRef = D5423A1429C35166008DDB7D /* DetailViewController.swift */; };
		D57E02D929BB4AEC00A87003 /* TextField.swift in Sources */ = {isa = PBXBuildFile; fileRef = D57E02D829BB4AEC00A87003 /* TextField.swift */; };
		D57E02DB29BB629F00A87003 /* Checkbox.swift in Sources */ = {isa = PBXBuildFile; fileRef = D57E02DA29BB629F00A87003 /* Checkbox.swift */; };
		D57E02DD29BC69BF00A87003 /* Button.swift in Sources */ = {isa = PBXBuildFile; fileRef = D57E02DC29BC69BF00A87003 /* Button.swift */; };
		D57E02DF29BC6B6300A87003 /* Movie.swift in Sources */ = {isa = PBXBuildFile; fileRef = D57E02DE29BC6B6300A87003 /* Movie.swift */; };
		D57E030529BCB40C00A87003 /* TabBarController.swift in Sources */ = {isa = PBXBuildFile; fileRef = D57E030429BCB40C00A87003 /* TabBarController.swift */; };
		D57E030929BDAC8F00A87003 /* Colors.xcassets in Resources */ = {isa = PBXBuildFile; fileRef = D57E030829BDAC8F00A87003 /* Colors.xcassets */; };
		D595907729B2A25200DE383E /* OnboardingViewController.swift in Sources */ = {isa = PBXBuildFile; fileRef = D595907629B2A25200DE383E /* OnboardingViewController.swift */; };
		D5AB4B5729B9CBED00800909 /* Icons.xcassets in Resources */ = {isa = PBXBuildFile; fileRef = D5AB4B5629B9CBED00800909 /* Icons.xcassets */; };
		D5B08B1729C9F2C900D42617 /* UIView+Extension.swift in Sources */ = {isa = PBXBuildFile; fileRef = D5B08B1629C9F2C900D42617 /* UIView+Extension.swift */; };
		D5BF214E29C706EC006E736F /* NetworkHelper.swift in Sources */ = {isa = PBXBuildFile; fileRef = D5BF214D29C706EC006E736F /* NetworkHelper.swift */; };
		D5BF215029C706F6006E736F /* NetworkManager.swift in Sources */ = {isa = PBXBuildFile; fileRef = D5BF214F29C706F6006E736F /* NetworkManager.swift */; };
		D5E86A5929B2978200B4331D /* Poppins-SemiBold.ttf in Resources */ = {isa = PBXBuildFile; fileRef = D5E86A5029B2978200B4331D /* Poppins-SemiBold.ttf */; };
		D5E86A5A29B2978200B4331D /* Poppins-Black.ttf in Resources */ = {isa = PBXBuildFile; fileRef = D5E86A5129B2978200B4331D /* Poppins-Black.ttf */; };
		D5E86A5B29B2978200B4331D /* Poppins-Regular.ttf in Resources */ = {isa = PBXBuildFile; fileRef = D5E86A5229B2978200B4331D /* Poppins-Regular.ttf */; };
		D5E86A5C29B2978200B4331D /* Poppins-Medium.ttf in Resources */ = {isa = PBXBuildFile; fileRef = D5E86A5329B2978200B4331D /* Poppins-Medium.ttf */; };
		D5E86A5D29B2978200B4331D /* Poppins-Bold.ttf in Resources */ = {isa = PBXBuildFile; fileRef = D5E86A5429B2978200B4331D /* Poppins-Bold.ttf */; };
		D5E86A5E29B2978200B4331D /* Poppins-ExtraBold.ttf in Resources */ = {isa = PBXBuildFile; fileRef = D5E86A5529B2978200B4331D /* Poppins-ExtraBold.ttf */; };
		D5E86A5F29B2978200B4331D /* Poppins-Light.ttf in Resources */ = {isa = PBXBuildFile; fileRef = D5E86A5629B2978200B4331D /* Poppins-Light.ttf */; };
		D5E86A6029B2978200B4331D /* Poppins-Thin.ttf in Resources */ = {isa = PBXBuildFile; fileRef = D5E86A5729B2978200B4331D /* Poppins-Thin.ttf */; };
		D5E86A6129B2978200B4331D /* Poppins-ExtraLight.ttf in Resources */ = {isa = PBXBuildFile; fileRef = D5E86A5829B2978200B4331D /* Poppins-ExtraLight.ttf */; };
		D5EFA01D29CC5691004CB1DD /* SimilarCollectionViewCell.swift in Sources */ = {isa = PBXBuildFile; fileRef = D5EFA01B29CC5691004CB1DD /* SimilarCollectionViewCell.swift */; };
		D5EFA01E29CC5691004CB1DD /* SimilarCollectionViewCell.xib in Resources */ = {isa = PBXBuildFile; fileRef = D5EFA01C29CC5691004CB1DD /* SimilarCollectionViewCell.xib */; };
		D5F0BD0229B79EEA00B42A5A /* UITextField+Extension.swift in Sources */ = {isa = PBXBuildFile; fileRef = D5F0BD0129B79EEA00B42A5A /* UITextField+Extension.swift */; };
		D5F1292729C89E5500FD7B3B /* DetailTableViewCell.swift in Sources */ = {isa = PBXBuildFile; fileRef = D5F1292529C89E5500FD7B3B /* DetailTableViewCell.swift */; };
		D5F1292829C89E5500FD7B3B /* DetailTableViewCell.xib in Resources */ = {isa = PBXBuildFile; fileRef = D5F1292629C89E5500FD7B3B /* DetailTableViewCell.xib */; };
		D5FD102729B7A2780077B276 /* LoginViewController.swift in Sources */ = {isa = PBXBuildFile; fileRef = D5FD102629B7A2780077B276 /* LoginViewController.swift */; };
/* End PBXBuildFile section */

/* Begin PBXFileReference section */
		3B05F35978246580C1D5A43F /* Pods-MovieApp.debug.xcconfig */ = {isa = PBXFileReference; includeInIndex = 1; lastKnownFileType = text.xcconfig; name = "Pods-MovieApp.debug.xcconfig"; path = "Target Support Files/Pods-MovieApp/Pods-MovieApp.debug.xcconfig"; sourceTree = "<group>"; };
		445A39ECD6C767F595DA2741 /* Pods_MovieApp.framework */ = {isa = PBXFileReference; explicitFileType = wrapper.framework; includeInIndex = 0; path = Pods_MovieApp.framework; sourceTree = BUILT_PRODUCTS_DIR; };
		D50157DB29B687E100DFF99F /* SignUpViewController.swift */ = {isa = PBXFileReference; lastKnownFileType = sourcecode.swift; path = SignUpViewController.swift; sourceTree = "<group>"; };
		D504CDE229C710D600EE10AE /* HomeViewController.swift */ = {isa = PBXFileReference; lastKnownFileType = sourcecode.swift; path = HomeViewController.swift; sourceTree = "<group>"; };
		D504CDE529C713D300EE10AE /* HomeCollectionViewCell.swift */ = {isa = PBXFileReference; lastKnownFileType = sourcecode.swift; path = HomeCollectionViewCell.swift; sourceTree = "<group>"; };
		D504CDE629C713D300EE10AE /* HomeCollectionViewCell.xib */ = {isa = PBXFileReference; lastKnownFileType = file.xib; path = HomeCollectionViewCell.xib; sourceTree = "<group>"; };
		D504CDE929C71ADB00EE10AE /* SearchTextField.swift */ = {isa = PBXFileReference; lastKnownFileType = sourcecode.swift; path = SearchTextField.swift; sourceTree = "<group>"; };
		D504CDED29C748D500EE10AE /* HomeHelper.swift */ = {isa = PBXFileReference; lastKnownFileType = sourcecode.swift; path = HomeHelper.swift; sourceTree = "<group>"; };
		D504CDEF29C74ABF00EE10AE /* HomeManager.swift */ = {isa = PBXFileReference; lastKnownFileType = sourcecode.swift; path = HomeManager.swift; sourceTree = "<group>"; };
		D504CDF129C74EC800EE10AE /* HomeViewModel.swift */ = {isa = PBXFileReference; lastKnownFileType = sourcecode.swift; path = HomeViewModel.swift; sourceTree = "<group>"; };
		D50B79D229C06055003794C6 /* NowCollectionViewCell.swift */ = {isa = PBXFileReference; lastKnownFileType = sourcecode.swift; path = NowCollectionViewCell.swift; sourceTree = "<group>"; };
		D50B79D329C06055003794C6 /* NowCollectionViewCell.xib */ = {isa = PBXFileReference; lastKnownFileType = file.xib; path = NowCollectionViewCell.xib; sourceTree = "<group>"; };
		D50B79D829C06A30003794C6 /* PopularCollectionViewCell.swift */ = {isa = PBXFileReference; lastKnownFileType = sourcecode.swift; path = PopularCollectionViewCell.swift; sourceTree = "<group>"; };
		D50B79D929C06A30003794C6 /* PopularCollectionViewCell.xib */ = {isa = PBXFileReference; lastKnownFileType = file.xib; path = PopularCollectionViewCell.xib; sourceTree = "<group>"; };
		D513978B29AE42400055D99C /* MovieApp.app */ = {isa = PBXFileReference; explicitFileType = wrapper.application; includeInIndex = 0; path = MovieApp.app; sourceTree = BUILT_PRODUCTS_DIR; };
		D513978E29AE42400055D99C /* AppDelegate.swift */ = {isa = PBXFileReference; lastKnownFileType = sourcecode.swift; path = AppDelegate.swift; sourceTree = "<group>"; };
		D513979029AE42400055D99C /* SceneDelegate.swift */ = {isa = PBXFileReference; lastKnownFileType = sourcecode.swift; path = SceneDelegate.swift; sourceTree = "<group>"; };
		D513979229AE42400055D99C /* ViewController.swift */ = {isa = PBXFileReference; lastKnownFileType = sourcecode.swift; path = ViewController.swift; sourceTree = "<group>"; };
		D513979529AE42400055D99C /* Base */ = {isa = PBXFileReference; lastKnownFileType = file.storyboard; name = Base; path = Base.lproj/Main.storyboard; sourceTree = "<group>"; };
		D513979729AE42410055D99C /* Assets.xcassets */ = {isa = PBXFileReference; lastKnownFileType = folder.assetcatalog; path = Assets.xcassets; sourceTree = "<group>"; };
		D513979A29AE42410055D99C /* Base */ = {isa = PBXFileReference; lastKnownFileType = file.storyboard; name = Base; path = Base.lproj/LaunchScreen.storyboard; sourceTree = "<group>"; };
		D513979C29AE42410055D99C /* Info.plist */ = {isa = PBXFileReference; lastKnownFileType = text.plist.xml; path = Info.plist; sourceTree = "<group>"; };
		D51F60D529C779DF006C1E05 /* DetailHelper.swift */ = {isa = PBXFileReference; lastKnownFileType = sourcecode.swift; path = DetailHelper.swift; sourceTree = "<group>"; };
		D51F60D729C779EB006C1E05 /* DetailManager.swift */ = {isa = PBXFileReference; lastKnownFileType = sourcecode.swift; path = DetailManager.swift; sourceTree = "<group>"; };
		D51F60D929C77B5B006C1E05 /* MovieDetail.swift */ = {isa = PBXFileReference; lastKnownFileType = sourcecode.swift; path = MovieDetail.swift; sourceTree = "<group>"; };
		D51F60DC29C77CB1006C1E05 /* DetailViewModel.swift */ = {isa = PBXFileReference; lastKnownFileType = sourcecode.swift; path = DetailViewModel.swift; sourceTree = "<group>"; };
		D52F6CA029B324E500679055 /* UIPageControl+Extension.swift */ = {isa = PBXFileReference; lastKnownFileType = sourcecode.swift; path = "UIPageControl+Extension.swift"; sourceTree = "<group>"; };
		D532D03129CB8D7700ADF090 /* GenreCollectionViewCell.swift */ = {isa = PBXFileReference; lastKnownFileType = sourcecode.swift; path = GenreCollectionViewCell.swift; sourceTree = "<group>"; };
		D532D03229CB8D7700ADF090 /* GenreCollectionViewCell.xib */ = {isa = PBXFileReference; lastKnownFileType = file.xib; path = GenreCollectionViewCell.xib; sourceTree = "<group>"; };
		D532D03529CB9C5100ADF090 /* Credits.swift */ = {isa = PBXFileReference; lastKnownFileType = sourcecode.swift; path = Credits.swift; sourceTree = "<group>"; };
		D5423A0929C303AB008DDB7D /* ForgotPasswordViewController.swift */ = {isa = PBXFileReference; lastKnownFileType = sourcecode.swift; path = ForgotPasswordViewController.swift; sourceTree = "<group>"; };
		D5423A0D29C31050008DDB7D /* VerificationViewController.swift */ = {isa = PBXFileReference; lastKnownFileType = sourcecode.swift; path = VerificationViewController.swift; sourceTree = "<group>"; };
		D5423A1029C345F0008DDB7D /* CreatePasswordViewController.swift */ = {isa = PBXFileReference; lastKnownFileType = sourcecode.swift; path = CreatePasswordViewController.swift; sourceTree = "<group>"; };
		D5423A1229C350D1008DDB7D /* UIImageView+Extension.swift */ = {isa = PBXFileReference; lastKnownFileType = sourcecode.swift; path = "UIImageView+Extension.swift"; sourceTree = "<group>"; };
		D5423A1429C35166008DDB7D /* DetailViewController.swift */ = {isa = PBXFileReference; lastKnownFileType = sourcecode.swift; path = DetailViewController.swift; sourceTree = "<group>"; };
		D57E02D829BB4AEC00A87003 /* TextField.swift */ = {isa = PBXFileReference; lastKnownFileType = sourcecode.swift; path = TextField.swift; sourceTree = "<group>"; };
		D57E02DA29BB629F00A87003 /* Checkbox.swift */ = {isa = PBXFileReference; lastKnownFileType = sourcecode.swift; path = Checkbox.swift; sourceTree = "<group>"; };
		D57E02DC29BC69BF00A87003 /* Button.swift */ = {isa = PBXFileReference; lastKnownFileType = sourcecode.swift; path = Button.swift; sourceTree = "<group>"; };
		D57E02DE29BC6B6300A87003 /* Movie.swift */ = {isa = PBXFileReference; lastKnownFileType = sourcecode.swift; path = Movie.swift; sourceTree = "<group>"; };
		D57E030429BCB40C00A87003 /* TabBarController.swift */ = {isa = PBXFileReference; lastKnownFileType = sourcecode.swift; path = TabBarController.swift; sourceTree = "<group>"; };
		D57E030829BDAC8F00A87003 /* Colors.xcassets */ = {isa = PBXFileReference; lastKnownFileType = folder.assetcatalog; path = Colors.xcassets; sourceTree = "<group>"; };
		D595907629B2A25200DE383E /* OnboardingViewController.swift */ = {isa = PBXFileReference; lastKnownFileType = sourcecode.swift; path = OnboardingViewController.swift; sourceTree = "<group>"; };
		D5AB4B5629B9CBED00800909 /* Icons.xcassets */ = {isa = PBXFileReference; lastKnownFileType = folder.assetcatalog; path = Icons.xcassets; sourceTree = "<group>"; };
		D5B08B1629C9F2C900D42617 /* UIView+Extension.swift */ = {isa = PBXFileReference; lastKnownFileType = sourcecode.swift; path = "UIView+Extension.swift"; sourceTree = "<group>"; };
		D5BF214D29C706EC006E736F /* NetworkHelper.swift */ = {isa = PBXFileReference; lastKnownFileType = sourcecode.swift; path = NetworkHelper.swift; sourceTree = "<group>"; };
		D5BF214F29C706F6006E736F /* NetworkManager.swift */ = {isa = PBXFileReference; lastKnownFileType = sourcecode.swift; path = NetworkManager.swift; sourceTree = "<group>"; };
		D5E86A5029B2978200B4331D /* Poppins-SemiBold.ttf */ = {isa = PBXFileReference; lastKnownFileType = file; name = "Poppins-SemiBold.ttf"; path = "../../../../../../Downloads/Poppins/Poppins-SemiBold.ttf"; sourceTree = "<group>"; };
		D5E86A5129B2978200B4331D /* Poppins-Black.ttf */ = {isa = PBXFileReference; lastKnownFileType = file; name = "Poppins-Black.ttf"; path = "../../../../../../Downloads/Poppins/Poppins-Black.ttf"; sourceTree = "<group>"; };
		D5E86A5229B2978200B4331D /* Poppins-Regular.ttf */ = {isa = PBXFileReference; lastKnownFileType = file; name = "Poppins-Regular.ttf"; path = "../../../../../../Downloads/Poppins/Poppins-Regular.ttf"; sourceTree = "<group>"; };
		D5E86A5329B2978200B4331D /* Poppins-Medium.ttf */ = {isa = PBXFileReference; lastKnownFileType = file; name = "Poppins-Medium.ttf"; path = "../../../../../../Downloads/Poppins/Poppins-Medium.ttf"; sourceTree = "<group>"; };
		D5E86A5429B2978200B4331D /* Poppins-Bold.ttf */ = {isa = PBXFileReference; lastKnownFileType = file; name = "Poppins-Bold.ttf"; path = "../../../../../../Downloads/Poppins/Poppins-Bold.ttf"; sourceTree = "<group>"; };
		D5E86A5529B2978200B4331D /* Poppins-ExtraBold.ttf */ = {isa = PBXFileReference; lastKnownFileType = file; name = "Poppins-ExtraBold.ttf"; path = "../../../../../../Downloads/Poppins/Poppins-ExtraBold.ttf"; sourceTree = "<group>"; };
		D5E86A5629B2978200B4331D /* Poppins-Light.ttf */ = {isa = PBXFileReference; lastKnownFileType = file; name = "Poppins-Light.ttf"; path = "../../../../../../Downloads/Poppins/Poppins-Light.ttf"; sourceTree = "<group>"; };
		D5E86A5729B2978200B4331D /* Poppins-Thin.ttf */ = {isa = PBXFileReference; lastKnownFileType = file; name = "Poppins-Thin.ttf"; path = "../../../../../../Downloads/Poppins/Poppins-Thin.ttf"; sourceTree = "<group>"; };
		D5E86A5829B2978200B4331D /* Poppins-ExtraLight.ttf */ = {isa = PBXFileReference; lastKnownFileType = file; name = "Poppins-ExtraLight.ttf"; path = "../../../../../../Downloads/Poppins/Poppins-ExtraLight.ttf"; sourceTree = "<group>"; };
		D5EFA01B29CC5691004CB1DD /* SimilarCollectionViewCell.swift */ = {isa = PBXFileReference; lastKnownFileType = sourcecode.swift; path = SimilarCollectionViewCell.swift; sourceTree = "<group>"; };
		D5EFA01C29CC5691004CB1DD /* SimilarCollectionViewCell.xib */ = {isa = PBXFileReference; lastKnownFileType = file.xib; path = SimilarCollectionViewCell.xib; sourceTree = "<group>"; };
		D5F0BD0129B79EEA00B42A5A /* UITextField+Extension.swift */ = {isa = PBXFileReference; lastKnownFileType = sourcecode.swift; path = "UITextField+Extension.swift"; sourceTree = "<group>"; };
		D5F1292529C89E5500FD7B3B /* DetailTableViewCell.swift */ = {isa = PBXFileReference; lastKnownFileType = sourcecode.swift; path = DetailTableViewCell.swift; sourceTree = "<group>"; };
		D5F1292629C89E5500FD7B3B /* DetailTableViewCell.xib */ = {isa = PBXFileReference; lastKnownFileType = file.xib; path = DetailTableViewCell.xib; sourceTree = "<group>"; };
		D5FD102629B7A2780077B276 /* LoginViewController.swift */ = {isa = PBXFileReference; lastKnownFileType = sourcecode.swift; path = LoginViewController.swift; sourceTree = "<group>"; };
		E25C7DFCC5D288FD943B4F64 /* Pods-MovieApp.release.xcconfig */ = {isa = PBXFileReference; includeInIndex = 1; lastKnownFileType = text.xcconfig; name = "Pods-MovieApp.release.xcconfig"; path = "Target Support Files/Pods-MovieApp/Pods-MovieApp.release.xcconfig"; sourceTree = "<group>"; };
/* End PBXFileReference section */

/* Begin PBXFrameworksBuildPhase section */
		D513978829AE42400055D99C /* Frameworks */ = {
			isa = PBXFrameworksBuildPhase;
			buildActionMask = 2147483647;
			files = (
				D50FD3B729E0C26C004BA14F /* Alamofire in Frameworks */,
				D50FD3B429E0C241004BA14F /* Kingfisher in Frameworks */,
				76A0DB50F8699A6756754D1F /* Pods_MovieApp.framework in Frameworks */,
			);
			runOnlyForDeploymentPostprocessing = 0;
		};
/* End PBXFrameworksBuildPhase section */

/* Begin PBXGroup section */
		362DEB1370D1869D7691D5B9 /* Frameworks */ = {
			isa = PBXGroup;
			children = (
				445A39ECD6C767F595DA2741 /* Pods_MovieApp.framework */,
			);
			name = Frameworks;
			sourceTree = "<group>";
		};
		9DB23239517C601907219E18 /* Pods */ = {
			isa = PBXGroup;
			children = (
				3B05F35978246580C1D5A43F /* Pods-MovieApp.debug.xcconfig */,
				E25C7DFCC5D288FD943B4F64 /* Pods-MovieApp.release.xcconfig */,
			);
			path = Pods;
			sourceTree = "<group>";
		};
		D50157D929B686F100DFF99F /* SignUp */ = {
			isa = PBXGroup;
			children = (
				D50157DB29B687E100DFF99F /* SignUpViewController.swift */,
			);
			path = SignUp;
			sourceTree = "<group>";
		};
		D50157DA29B6870000DFF99F /* Login */ = {
			isa = PBXGroup;
			children = (
				D5FD102629B7A2780077B276 /* LoginViewController.swift */,
			);
			name = Login;
			path = "lOGİN";
			sourceTree = "<group>";
		};
		D504CDE429C713B500EE10AE /* HomeCollectionViewCell */ = {
			isa = PBXGroup;
			children = (
				D50B79D729C06A0E003794C6 /* PopularCollectionViewCell */,
				D50B79D629C06058003794C6 /* NowCollectionViewCell */,
				D504CDE529C713D300EE10AE /* HomeCollectionViewCell.swift */,
				D504CDE629C713D300EE10AE /* HomeCollectionViewCell.xib */,
			);
			path = HomeCollectionViewCell;
			sourceTree = "<group>";
		};
		D504CDEB29C7484F00EE10AE /* Core */ = {
			isa = PBXGroup;
			children = (
				D5BF214D29C706EC006E736F /* NetworkHelper.swift */,
				D5BF214F29C706F6006E736F /* NetworkManager.swift */,
			);
			path = Core;
			sourceTree = "<group>";
		};
		D504CDEC29C7486400EE10AE /* Home */ = {
			isa = PBXGroup;
			children = (
				D504CDED29C748D500EE10AE /* HomeHelper.swift */,
				D504CDEF29C74ABF00EE10AE /* HomeManager.swift */,
			);
			path = Home;
			sourceTree = "<group>";
		};
		D50B79D629C06058003794C6 /* NowCollectionViewCell */ = {
			isa = PBXGroup;
			children = (
				D50B79D329C06055003794C6 /* NowCollectionViewCell.xib */,
				D50B79D229C06055003794C6 /* NowCollectionViewCell.swift */,
			);
			path = NowCollectionViewCell;
			sourceTree = "<group>";
		};
		D50B79D729C06A0E003794C6 /* PopularCollectionViewCell */ = {
			isa = PBXGroup;
			children = (
				D50B79D929C06A30003794C6 /* PopularCollectionViewCell.xib */,
				D50B79D829C06A30003794C6 /* PopularCollectionViewCell.swift */,
			);
			path = PopularCollectionViewCell;
			sourceTree = "<group>";
		};
		D50D40D229BB3ED8003E9D45 /* View */ = {
			isa = PBXGroup;
			children = (
				D57E02D829BB4AEC00A87003 /* TextField.swift */,
				D57E02DA29BB629F00A87003 /* Checkbox.swift */,
				D57E02DC29BC69BF00A87003 /* Button.swift */,
				D57E030429BCB40C00A87003 /* TabBarController.swift */,
				D504CDE929C71ADB00EE10AE /* SearchTextField.swift */,
			);
			path = View;
			sourceTree = "<group>";
		};
		D513978229AE42400055D99C = {
			isa = PBXGroup;
			children = (
				D513978D29AE42400055D99C /* MovieApp */,
				D513978C29AE42400055D99C /* Products */,
				9DB23239517C601907219E18 /* Pods */,
				362DEB1370D1869D7691D5B9 /* Frameworks */,
			);
			sourceTree = "<group>";
		};
		D513978C29AE42400055D99C /* Products */ = {
			isa = PBXGroup;
			children = (
				D513978B29AE42400055D99C /* MovieApp.app */,
			);
			name = Products;
			sourceTree = "<group>";
		};
		D513978D29AE42400055D99C /* MovieApp */ = {
			isa = PBXGroup;
			children = (
				D51397A229AE42930055D99C /* App */,
				D51397AB29AE44060055D99C /* Network */,
				D51397A529AE42CE0055D99C /* Helper */,
				D51397A429AE42A30055D99C /* Scene */,
				D50D40D229BB3ED8003E9D45 /* View */,
				D51397AE29AF44D20055D99C /* Model */,
				D51397A729AE43130055D99C /* Resource */,
				D51397A329AE429D0055D99C /* Base */,
				D513979429AE42400055D99C /* Main.storyboard */,
				D513979929AE42410055D99C /* LaunchScreen.storyboard */,
			);
			path = MovieApp;
			sourceTree = "<group>";
		};
		D51397A229AE42930055D99C /* App */ = {
			isa = PBXGroup;
			children = (
				D513978E29AE42400055D99C /* AppDelegate.swift */,
				D513979029AE42400055D99C /* SceneDelegate.swift */,
				D513979C29AE42410055D99C /* Info.plist */,
			);
			path = App;
			sourceTree = "<group>";
		};
		D51397A329AE429D0055D99C /* Base */ = {
			isa = PBXGroup;
			children = (
			);
			path = Base;
			sourceTree = "<group>";
		};
		D51397A429AE42A30055D99C /* Scene */ = {
			isa = PBXGroup;
			children = (
				D51397AD29AE49BD0055D99C /* Home */,
				D51F60DB29C77C9C006C1E05 /* Detail */,
				D5423A0F29C345C7008DDB7D /* CreatePassword */,
				D5423A0C29C30F3B008DDB7D /* Verification */,
				D5423A0B29C303B0008DDB7D /* ForgotPassword */,
				D50157DA29B6870000DFF99F /* Login */,
				D50157D929B686F100DFF99F /* SignUp */,
				D51397AC29AE49B40055D99C /* Onboarding */,
			);
			path = Scene;
			sourceTree = "<group>";
		};
		D51397A529AE42CE0055D99C /* Helper */ = {
			isa = PBXGroup;
			children = (
				D51397A629AE42D30055D99C /* Extension */,
			);
			path = Helper;
			sourceTree = "<group>";
		};
		D51397A629AE42D30055D99C /* Extension */ = {
			isa = PBXGroup;
			children = (
				D52F6CA029B324E500679055 /* UIPageControl+Extension.swift */,
				D5F0BD0129B79EEA00B42A5A /* UITextField+Extension.swift */,
				D5423A1229C350D1008DDB7D /* UIImageView+Extension.swift */,
				D5B08B1629C9F2C900D42617 /* UIView+Extension.swift */,
			);
			path = Extension;
			sourceTree = "<group>";
		};
		D51397A729AE43130055D99C /* Resource */ = {
			isa = PBXGroup;
			children = (
				D513979729AE42410055D99C /* Assets.xcassets */,
				D57E030829BDAC8F00A87003 /* Colors.xcassets */,
				D5AB4B5629B9CBED00800909 /* Icons.xcassets */,
				D5E86A4F29B296F500B4331D /* Font */,
			);
			path = Resource;
			sourceTree = "<group>";
		};
		D51397AB29AE44060055D99C /* Network */ = {
			isa = PBXGroup;
			children = (
				D504CDEB29C7484F00EE10AE /* Core */,
				D51F60D429C779CC006C1E05 /* Detail */,
				D504CDEC29C7486400EE10AE /* Home */,
			);
			path = Network;
			sourceTree = "<group>";
		};
		D51397AC29AE49B40055D99C /* Onboarding */ = {
			isa = PBXGroup;
			children = (
				D595907629B2A25200DE383E /* OnboardingViewController.swift */,
			);
			path = Onboarding;
			sourceTree = "<group>";
		};
		D51397AD29AE49BD0055D99C /* Home */ = {
			isa = PBXGroup;
			children = (
				D504CDE429C713B500EE10AE /* HomeCollectionViewCell */,
				D513979229AE42400055D99C /* ViewController.swift */,
				D504CDE229C710D600EE10AE /* HomeViewController.swift */,
				D504CDF129C74EC800EE10AE /* HomeViewModel.swift */,
			);
			path = Home;
			sourceTree = "<group>";
		};
		D51397AE29AF44D20055D99C /* Model */ = {
			isa = PBXGroup;
			children = (
				D57E02DE29BC6B6300A87003 /* Movie.swift */,
				D51F60D929C77B5B006C1E05 /* MovieDetail.swift */,
				D532D03529CB9C5100ADF090 /* Credits.swift */,
			);
			path = Model;
			sourceTree = "<group>";
		};
		D51F60D429C779CC006C1E05 /* Detail */ = {
			isa = PBXGroup;
			children = (
				D51F60D529C779DF006C1E05 /* DetailHelper.swift */,
				D51F60D729C779EB006C1E05 /* DetailManager.swift */,
			);
			path = Detail;
			sourceTree = "<group>";
		};
		D51F60DB29C77C9C006C1E05 /* Detail */ = {
			isa = PBXGroup;
			children = (
				D5F1292429C89E1300FD7B3B /* DetailTableViewCell */,
				D5423A1429C35166008DDB7D /* DetailViewController.swift */,
				D51F60DC29C77CB1006C1E05 /* DetailViewModel.swift */,
			);
			path = Detail;
			sourceTree = "<group>";
		};
		D532D03029CB8D6200ADF090 /* GenreCollectionViewCell */ = {
			isa = PBXGroup;
			children = (
				D532D03129CB8D7700ADF090 /* GenreCollectionViewCell.swift */,
				D532D03229CB8D7700ADF090 /* GenreCollectionViewCell.xib */,
			);
			path = GenreCollectionViewCell;
			sourceTree = "<group>";
		};
		D5423A0B29C303B0008DDB7D /* ForgotPassword */ = {
			isa = PBXGroup;
			children = (
				D5423A0929C303AB008DDB7D /* ForgotPasswordViewController.swift */,
			);
			path = ForgotPassword;
			sourceTree = "<group>";
		};
		D5423A0C29C30F3B008DDB7D /* Verification */ = {
			isa = PBXGroup;
			children = (
				D5423A0D29C31050008DDB7D /* VerificationViewController.swift */,
			);
			path = Verification;
			sourceTree = "<group>";
		};
		D5423A0F29C345C7008DDB7D /* CreatePassword */ = {
			isa = PBXGroup;
			children = (
				D5423A1029C345F0008DDB7D /* CreatePasswordViewController.swift */,
			);
			path = CreatePassword;
			sourceTree = "<group>";
		};
		D5E86A4F29B296F500B4331D /* Font */ = {
			isa = PBXGroup;
			children = (
				D5E86A5129B2978200B4331D /* Poppins-Black.ttf */,
				D5E86A5429B2978200B4331D /* Poppins-Bold.ttf */,
				D5E86A5529B2978200B4331D /* Poppins-ExtraBold.ttf */,
				D5E86A5829B2978200B4331D /* Poppins-ExtraLight.ttf */,
				D5E86A5629B2978200B4331D /* Poppins-Light.ttf */,
				D5E86A5329B2978200B4331D /* Poppins-Medium.ttf */,
				D5E86A5229B2978200B4331D /* Poppins-Regular.ttf */,
				D5E86A5029B2978200B4331D /* Poppins-SemiBold.ttf */,
				D5E86A5729B2978200B4331D /* Poppins-Thin.ttf */,
			);
			path = Font;
			sourceTree = "<group>";
		};
		D5EFA01A29CC567C004CB1DD /* SimilarCollectionViewCell */ = {
			isa = PBXGroup;
			children = (
				D5EFA01B29CC5691004CB1DD /* SimilarCollectionViewCell.swift */,
				D5EFA01C29CC5691004CB1DD /* SimilarCollectionViewCell.xib */,
			);
			path = SimilarCollectionViewCell;
			sourceTree = "<group>";
		};
		D5F1292429C89E1300FD7B3B /* DetailTableViewCell */ = {
			isa = PBXGroup;
			children = (
				D5EFA01A29CC567C004CB1DD /* SimilarCollectionViewCell */,
				D532D03029CB8D6200ADF090 /* GenreCollectionViewCell */,
				D5F1292529C89E5500FD7B3B /* DetailTableViewCell.swift */,
				D5F1292629C89E5500FD7B3B /* DetailTableViewCell.xib */,
			);
			path = DetailTableViewCell;
			sourceTree = "<group>";
		};
/* End PBXGroup section */

/* Begin PBXNativeTarget section */
		D513978A29AE42400055D99C /* MovieApp */ = {
			isa = PBXNativeTarget;
			buildConfigurationList = D513979F29AE42410055D99C /* Build configuration list for PBXNativeTarget "MovieApp" */;
			buildPhases = (
				F6031FD46CB5EB5B847D751F /* [CP] Check Pods Manifest.lock */,
				D513978729AE42400055D99C /* Sources */,
				D513978829AE42400055D99C /* Frameworks */,
				D513978929AE42400055D99C /* Resources */,
				3EDD3F0E468F8E3402F88D66 /* [CP] Embed Pods Frameworks */,
			);
			buildRules = (
			);
			dependencies = (
			);
			name = MovieApp;
			packageProductDependencies = (
				D50FD3B329E0C241004BA14F /* Kingfisher */,
				D50FD3B629E0C26C004BA14F /* Alamofire */,
			);
			productName = MovieApp;
			productReference = D513978B29AE42400055D99C /* MovieApp.app */;
			productType = "com.apple.product-type.application";
		};
/* End PBXNativeTarget section */

/* Begin PBXProject section */
		D513978329AE42400055D99C /* Project object */ = {
			isa = PBXProject;
			attributes = {
				BuildIndependentTargetsInParallel = 1;
				LastSwiftUpdateCheck = 1420;
				LastUpgradeCheck = 1420;
				TargetAttributes = {
					D513978A29AE42400055D99C = {
						CreatedOnToolsVersion = 14.2;
					};
				};
			};
			buildConfigurationList = D513978629AE42400055D99C /* Build configuration list for PBXProject "MovieApp" */;
			compatibilityVersion = "Xcode 14.0";
			developmentRegion = en;
			hasScannedForEncodings = 0;
			knownRegions = (
				en,
				Base,
			);
			mainGroup = D513978229AE42400055D99C;
			packageReferences = (
				D50FD3B229E0C241004BA14F /* XCRemoteSwiftPackageReference "Kingfisher" */,
				D50FD3B529E0C26C004BA14F /* XCRemoteSwiftPackageReference "Alamofire" */,
			);
			productRefGroup = D513978C29AE42400055D99C /* Products */;
			projectDirPath = "";
			projectRoot = "";
			targets = (
				D513978A29AE42400055D99C /* MovieApp */,
			);
		};
/* End PBXProject section */

/* Begin PBXResourcesBuildPhase section */
		D513978929AE42400055D99C /* Resources */ = {
			isa = PBXResourcesBuildPhase;
			buildActionMask = 2147483647;
			files = (
				D504CDE829C713D300EE10AE /* HomeCollectionViewCell.xib in Resources */,
				D5E86A6129B2978200B4331D /* Poppins-ExtraLight.ttf in Resources */,
				D50B79D529C06055003794C6 /* NowCollectionViewCell.xib in Resources */,
				D513979B29AE42410055D99C /* LaunchScreen.storyboard in Resources */,
				D5E86A5F29B2978200B4331D /* Poppins-Light.ttf in Resources */,
				D5E86A5E29B2978200B4331D /* Poppins-ExtraBold.ttf in Resources */,
				D5E86A5C29B2978200B4331D /* Poppins-Medium.ttf in Resources */,
				D5E86A5929B2978200B4331D /* Poppins-SemiBold.ttf in Resources */,
				D532D03429CB8D7700ADF090 /* GenreCollectionViewCell.xib in Resources */,
				D5E86A5D29B2978200B4331D /* Poppins-Bold.ttf in Resources */,
				D5EFA01E29CC5691004CB1DD /* SimilarCollectionViewCell.xib in Resources */,
				D50B79DB29C06A30003794C6 /* PopularCollectionViewCell.xib in Resources */,
				D5F1292829C89E5500FD7B3B /* DetailTableViewCell.xib in Resources */,
				D5AB4B5729B9CBED00800909 /* Icons.xcassets in Resources */,
				D513979829AE42410055D99C /* Assets.xcassets in Resources */,
				D5E86A5B29B2978200B4331D /* Poppins-Regular.ttf in Resources */,
				D513979629AE42400055D99C /* Main.storyboard in Resources */,
				D5E86A6029B2978200B4331D /* Poppins-Thin.ttf in Resources */,
				D5E86A5A29B2978200B4331D /* Poppins-Black.ttf in Resources */,
				D57E030929BDAC8F00A87003 /* Colors.xcassets in Resources */,
			);
			runOnlyForDeploymentPostprocessing = 0;
		};
/* End PBXResourcesBuildPhase section */

/* Begin PBXShellScriptBuildPhase section */
		3EDD3F0E468F8E3402F88D66 /* [CP] Embed Pods Frameworks */ = {
			isa = PBXShellScriptBuildPhase;
			buildActionMask = 2147483647;
			files = (
			);
			inputFileListPaths = (
				"${PODS_ROOT}/Target Support Files/Pods-MovieApp/Pods-MovieApp-frameworks-${CONFIGURATION}-input-files.xcfilelist",
			);
			name = "[CP] Embed Pods Frameworks";
			outputFileListPaths = (
				"${PODS_ROOT}/Target Support Files/Pods-MovieApp/Pods-MovieApp-frameworks-${CONFIGURATION}-output-files.xcfilelist",
			);
			runOnlyForDeploymentPostprocessing = 0;
			shellPath = /bin/sh;
			shellScript = "\"${PODS_ROOT}/Target Support Files/Pods-MovieApp/Pods-MovieApp-frameworks.sh\"\n";
			showEnvVarsInLog = 0;
		};
		F6031FD46CB5EB5B847D751F /* [CP] Check Pods Manifest.lock */ = {
			isa = PBXShellScriptBuildPhase;
			buildActionMask = 2147483647;
			files = (
			);
			inputFileListPaths = (
			);
			inputPaths = (
				"${PODS_PODFILE_DIR_PATH}/Podfile.lock",
				"${PODS_ROOT}/Manifest.lock",
			);
			name = "[CP] Check Pods Manifest.lock";
			outputFileListPaths = (
			);
			outputPaths = (
				"$(DERIVED_FILE_DIR)/Pods-MovieApp-checkManifestLockResult.txt",
			);
			runOnlyForDeploymentPostprocessing = 0;
			shellPath = /bin/sh;
			shellScript = "diff \"${PODS_PODFILE_DIR_PATH}/Podfile.lock\" \"${PODS_ROOT}/Manifest.lock\" > /dev/null\nif [ $? != 0 ] ; then\n    # print error to STDERR\n    echo \"error: The sandbox is not in sync with the Podfile.lock. Run 'pod install' or update your CocoaPods installation.\" >&2\n    exit 1\nfi\n# This output is used by Xcode 'outputs' to avoid re-running this script phase.\necho \"SUCCESS\" > \"${SCRIPT_OUTPUT_FILE_0}\"\n";
			showEnvVarsInLog = 0;
		};
/* End PBXShellScriptBuildPhase section */

/* Begin PBXSourcesBuildPhase section */
		D513978729AE42400055D99C /* Sources */ = {
			isa = PBXSourcesBuildPhase;
			buildActionMask = 2147483647;
			files = (
				D51F60D829C779EB006C1E05 /* DetailManager.swift in Sources */,
				D5423A0A29C303AB008DDB7D /* ForgotPasswordViewController.swift in Sources */,
				D50157DD29B687E100DFF99F /* SignUpViewController.swift in Sources */,
				D57E030529BCB40C00A87003 /* TabBarController.swift in Sources */,
				D5F0BD0229B79EEA00B42A5A /* UITextField+Extension.swift in Sources */,
				D5BF215029C706F6006E736F /* NetworkManager.swift in Sources */,
				D504CDEA29C71ADB00EE10AE /* SearchTextField.swift in Sources */,
				D532D03329CB8D7700ADF090 /* GenreCollectionViewCell.swift in Sources */,
				D52F6CA129B324E500679055 /* UIPageControl+Extension.swift in Sources */,
				D504CDE329C710D600EE10AE /* HomeViewController.swift in Sources */,
				D57E02D929BB4AEC00A87003 /* TextField.swift in Sources */,
				D50B79D429C06055003794C6 /* NowCollectionViewCell.swift in Sources */,
				D5BF214E29C706EC006E736F /* NetworkHelper.swift in Sources */,
				D5423A1529C35166008DDB7D /* DetailViewController.swift in Sources */,
				D57E02DB29BB629F00A87003 /* Checkbox.swift in Sources */,
				D504CDF029C74ABF00EE10AE /* HomeManager.swift in Sources */,
				D51F60DD29C77CB1006C1E05 /* DetailViewModel.swift in Sources */,
				D513979329AE42400055D99C /* ViewController.swift in Sources */,
				D5423A1329C350D1008DDB7D /* UIImageView+Extension.swift in Sources */,
				D57E02DD29BC69BF00A87003 /* Button.swift in Sources */,
				D5B08B1729C9F2C900D42617 /* UIView+Extension.swift in Sources */,
				D57E02DF29BC6B6300A87003 /* Movie.swift in Sources */,
				D5FD102729B7A2780077B276 /* LoginViewController.swift in Sources */,
				D5F1292729C89E5500FD7B3B /* DetailTableViewCell.swift in Sources */,
				D513978F29AE42400055D99C /* AppDelegate.swift in Sources */,
				D5EFA01D29CC5691004CB1DD /* SimilarCollectionViewCell.swift in Sources */,
				D51F60D629C779DF006C1E05 /* DetailHelper.swift in Sources */,
				D5423A1129C345F0008DDB7D /* CreatePasswordViewController.swift in Sources */,
				D50B79DA29C06A30003794C6 /* PopularCollectionViewCell.swift in Sources */,
				D5423A0E29C31050008DDB7D /* VerificationViewController.swift in Sources */,
				D504CDF229C74EC800EE10AE /* HomeViewModel.swift in Sources */,
				D504CDEE29C748D500EE10AE /* HomeHelper.swift in Sources */,
				D51F60DA29C77B5B006C1E05 /* MovieDetail.swift in Sources */,
				D513979129AE42400055D99C /* SceneDelegate.swift in Sources */,
				D595907729B2A25200DE383E /* OnboardingViewController.swift in Sources */,
				D532D03629CB9C5100ADF090 /* Credits.swift in Sources */,
				D504CDE729C713D300EE10AE /* HomeCollectionViewCell.swift in Sources */,
			);
			runOnlyForDeploymentPostprocessing = 0;
		};
/* End PBXSourcesBuildPhase section */

/* Begin PBXVariantGroup section */
		D513979429AE42400055D99C /* Main.storyboard */ = {
			isa = PBXVariantGroup;
			children = (
				D513979529AE42400055D99C /* Base */,
			);
			name = Main.storyboard;
			sourceTree = "<group>";
		};
		D513979929AE42410055D99C /* LaunchScreen.storyboard */ = {
			isa = PBXVariantGroup;
			children = (
				D513979A29AE42410055D99C /* Base */,
			);
			name = LaunchScreen.storyboard;
			sourceTree = "<group>";
		};
/* End PBXVariantGroup section */

/* Begin XCBuildConfiguration section */
		D513979D29AE42410055D99C /* Debug */ = {
			isa = XCBuildConfiguration;
			buildSettings = {
				ALWAYS_SEARCH_USER_PATHS = NO;
				CLANG_ANALYZER_NONNULL = YES;
				CLANG_ANALYZER_NUMBER_OBJECT_CONVERSION = YES_AGGRESSIVE;
				CLANG_CXX_LANGUAGE_STANDARD = "gnu++20";
				CLANG_ENABLE_MODULES = YES;
				CLANG_ENABLE_OBJC_ARC = YES;
				CLANG_ENABLE_OBJC_WEAK = YES;
				CLANG_WARN_BLOCK_CAPTURE_AUTORELEASING = YES;
				CLANG_WARN_BOOL_CONVERSION = YES;
				CLANG_WARN_COMMA = YES;
				CLANG_WARN_CONSTANT_CONVERSION = YES;
				CLANG_WARN_DEPRECATED_OBJC_IMPLEMENTATIONS = YES;
				CLANG_WARN_DIRECT_OBJC_ISA_USAGE = YES_ERROR;
				CLANG_WARN_DOCUMENTATION_COMMENTS = YES;
				CLANG_WARN_EMPTY_BODY = YES;
				CLANG_WARN_ENUM_CONVERSION = YES;
				CLANG_WARN_INFINITE_RECURSION = YES;
				CLANG_WARN_INT_CONVERSION = YES;
				CLANG_WARN_NON_LITERAL_NULL_CONVERSION = YES;
				CLANG_WARN_OBJC_IMPLICIT_RETAIN_SELF = YES;
				CLANG_WARN_OBJC_LITERAL_CONVERSION = YES;
				CLANG_WARN_OBJC_ROOT_CLASS = YES_ERROR;
				CLANG_WARN_QUOTED_INCLUDE_IN_FRAMEWORK_HEADER = YES;
				CLANG_WARN_RANGE_LOOP_ANALYSIS = YES;
				CLANG_WARN_STRICT_PROTOTYPES = YES;
				CLANG_WARN_SUSPICIOUS_MOVE = YES;
				CLANG_WARN_UNGUARDED_AVAILABILITY = YES_AGGRESSIVE;
				CLANG_WARN_UNREACHABLE_CODE = YES;
				CLANG_WARN__DUPLICATE_METHOD_MATCH = YES;
				COPY_PHASE_STRIP = NO;
				DEBUG_INFORMATION_FORMAT = dwarf;
				ENABLE_STRICT_OBJC_MSGSEND = YES;
				ENABLE_TESTABILITY = YES;
				GCC_C_LANGUAGE_STANDARD = gnu11;
				GCC_DYNAMIC_NO_PIC = NO;
				GCC_NO_COMMON_BLOCKS = YES;
				GCC_OPTIMIZATION_LEVEL = 0;
				GCC_PREPROCESSOR_DEFINITIONS = (
					"DEBUG=1",
					"$(inherited)",
				);
				GCC_WARN_64_TO_32_BIT_CONVERSION = YES;
				GCC_WARN_ABOUT_RETURN_TYPE = YES_ERROR;
				GCC_WARN_UNDECLARED_SELECTOR = YES;
				GCC_WARN_UNINITIALIZED_AUTOS = YES_AGGRESSIVE;
				GCC_WARN_UNUSED_FUNCTION = YES;
				GCC_WARN_UNUSED_VARIABLE = YES;
				IPHONEOS_DEPLOYMENT_TARGET = 16.2;
				MTL_ENABLE_DEBUG_INFO = INCLUDE_SOURCE;
				MTL_FAST_MATH = YES;
				ONLY_ACTIVE_ARCH = YES;
				SDKROOT = iphoneos;
				SWIFT_ACTIVE_COMPILATION_CONDITIONS = DEBUG;
				SWIFT_OPTIMIZATION_LEVEL = "-Onone";
			};
			name = Debug;
		};
		D513979E29AE42410055D99C /* Release */ = {
			isa = XCBuildConfiguration;
			buildSettings = {
				ALWAYS_SEARCH_USER_PATHS = NO;
				CLANG_ANALYZER_NONNULL = YES;
				CLANG_ANALYZER_NUMBER_OBJECT_CONVERSION = YES_AGGRESSIVE;
				CLANG_CXX_LANGUAGE_STANDARD = "gnu++20";
				CLANG_ENABLE_MODULES = YES;
				CLANG_ENABLE_OBJC_ARC = YES;
				CLANG_ENABLE_OBJC_WEAK = YES;
				CLANG_WARN_BLOCK_CAPTURE_AUTORELEASING = YES;
				CLANG_WARN_BOOL_CONVERSION = YES;
				CLANG_WARN_COMMA = YES;
				CLANG_WARN_CONSTANT_CONVERSION = YES;
				CLANG_WARN_DEPRECATED_OBJC_IMPLEMENTATIONS = YES;
				CLANG_WARN_DIRECT_OBJC_ISA_USAGE = YES_ERROR;
				CLANG_WARN_DOCUMENTATION_COMMENTS = YES;
				CLANG_WARN_EMPTY_BODY = YES;
				CLANG_WARN_ENUM_CONVERSION = YES;
				CLANG_WARN_INFINITE_RECURSION = YES;
				CLANG_WARN_INT_CONVERSION = YES;
				CLANG_WARN_NON_LITERAL_NULL_CONVERSION = YES;
				CLANG_WARN_OBJC_IMPLICIT_RETAIN_SELF = YES;
				CLANG_WARN_OBJC_LITERAL_CONVERSION = YES;
				CLANG_WARN_OBJC_ROOT_CLASS = YES_ERROR;
				CLANG_WARN_QUOTED_INCLUDE_IN_FRAMEWORK_HEADER = YES;
				CLANG_WARN_RANGE_LOOP_ANALYSIS = YES;
				CLANG_WARN_STRICT_PROTOTYPES = YES;
				CLANG_WARN_SUSPICIOUS_MOVE = YES;
				CLANG_WARN_UNGUARDED_AVAILABILITY = YES_AGGRESSIVE;
				CLANG_WARN_UNREACHABLE_CODE = YES;
				CLANG_WARN__DUPLICATE_METHOD_MATCH = YES;
				COPY_PHASE_STRIP = NO;
				DEBUG_INFORMATION_FORMAT = "dwarf-with-dsym";
				ENABLE_NS_ASSERTIONS = NO;
				ENABLE_STRICT_OBJC_MSGSEND = YES;
				GCC_C_LANGUAGE_STANDARD = gnu11;
				GCC_NO_COMMON_BLOCKS = YES;
				GCC_WARN_64_TO_32_BIT_CONVERSION = YES;
				GCC_WARN_ABOUT_RETURN_TYPE = YES_ERROR;
				GCC_WARN_UNDECLARED_SELECTOR = YES;
				GCC_WARN_UNINITIALIZED_AUTOS = YES_AGGRESSIVE;
				GCC_WARN_UNUSED_FUNCTION = YES;
				GCC_WARN_UNUSED_VARIABLE = YES;
				IPHONEOS_DEPLOYMENT_TARGET = 16.2;
				MTL_ENABLE_DEBUG_INFO = NO;
				MTL_FAST_MATH = YES;
				SDKROOT = iphoneos;
				SWIFT_COMPILATION_MODE = wholemodule;
				SWIFT_OPTIMIZATION_LEVEL = "-O";
				VALIDATE_PRODUCT = YES;
			};
			name = Release;
		};
		D51397A029AE42410055D99C /* Debug */ = {
			isa = XCBuildConfiguration;
			baseConfigurationReference = 3B05F35978246580C1D5A43F /* Pods-MovieApp.debug.xcconfig */;
			buildSettings = {
				ASSETCATALOG_COMPILER_APPICON_NAME = AppIcon;
				ASSETCATALOG_COMPILER_GLOBAL_ACCENT_COLOR_NAME = AccentColor;
				CODE_SIGN_STYLE = Automatic;
				CURRENT_PROJECT_VERSION = 1;
				DEVELOPMENT_TEAM = U4CM69XWB9;
				GENERATE_INFOPLIST_FILE = YES;
				INFOPLIST_FILE = MovieApp/App/Info.plist;
				INFOPLIST_KEY_UIApplicationSupportsIndirectInputEvents = YES;
				INFOPLIST_KEY_UILaunchStoryboardName = LaunchScreen;
				INFOPLIST_KEY_UIMainStoryboardFile = Main;
				INFOPLIST_KEY_UIStatusBarStyle = UIStatusBarStyleLightContent;
				INFOPLIST_KEY_UISupportedInterfaceOrientations = UIInterfaceOrientationPortrait;
				INFOPLIST_KEY_UISupportedInterfaceOrientations_iPad = "UIInterfaceOrientationLandscapeLeft UIInterfaceOrientationLandscapeRight UIInterfaceOrientationPortrait UIInterfaceOrientationPortraitUpsideDown";
				IPHONEOS_DEPLOYMENT_TARGET = 15.0;
				LD_RUNPATH_SEARCH_PATHS = (
					"$(inherited)",
					"@executable_path/Frameworks",
				);
				MARKETING_VERSION = 1.0;
				PRODUCT_BUNDLE_IDENTIFIER = com.batuhandemirbas.MovieApp;
				PRODUCT_NAME = "$(TARGET_NAME)";
				SUPPORTED_PLATFORMS = "iphoneos iphonesimulator";
				SUPPORTS_MACCATALYST = NO;
				SUPPORTS_MAC_DESIGNED_FOR_IPHONE_IPAD = NO;
				SWIFT_EMIT_LOC_STRINGS = YES;
				SWIFT_VERSION = 5.0;
				TARGETED_DEVICE_FAMILY = 1;
			};
			name = Debug;
		};
		D51397A129AE42410055D99C /* Release */ = {
			isa = XCBuildConfiguration;
			baseConfigurationReference = E25C7DFCC5D288FD943B4F64 /* Pods-MovieApp.release.xcconfig */;
			buildSettings = {
				ASSETCATALOG_COMPILER_APPICON_NAME = AppIcon;
				ASSETCATALOG_COMPILER_GLOBAL_ACCENT_COLOR_NAME = AccentColor;
				CODE_SIGN_STYLE = Automatic;
				CURRENT_PROJECT_VERSION = 1;
				DEVELOPMENT_TEAM = U4CM69XWB9;
				GENERATE_INFOPLIST_FILE = YES;
				INFOPLIST_FILE = MovieApp/App/Info.plist;
				INFOPLIST_KEY_UIApplicationSupportsIndirectInputEvents = YES;
				INFOPLIST_KEY_UILaunchStoryboardName = LaunchScreen;
				INFOPLIST_KEY_UIMainStoryboardFile = Main;
				INFOPLIST_KEY_UIStatusBarStyle = UIStatusBarStyleLightContent;
				INFOPLIST_KEY_UISupportedInterfaceOrientations = UIInterfaceOrientationPortrait;
				INFOPLIST_KEY_UISupportedInterfaceOrientations_iPad = "UIInterfaceOrientationLandscapeLeft UIInterfaceOrientationLandscapeRight UIInterfaceOrientationPortrait UIInterfaceOrientationPortraitUpsideDown";
				IPHONEOS_DEPLOYMENT_TARGET = 15.0;
				LD_RUNPATH_SEARCH_PATHS = (
					"$(inherited)",
					"@executable_path/Frameworks",
				);
				MARKETING_VERSION = 1.0;
				PRODUCT_BUNDLE_IDENTIFIER = com.batuhandemirbas.MovieApp;
				PRODUCT_NAME = "$(TARGET_NAME)";
				SUPPORTED_PLATFORMS = "iphoneos iphonesimulator";
				SUPPORTS_MACCATALYST = NO;
				SUPPORTS_MAC_DESIGNED_FOR_IPHONE_IPAD = NO;
				SWIFT_EMIT_LOC_STRINGS = YES;
				SWIFT_VERSION = 5.0;
				TARGETED_DEVICE_FAMILY = 1;
			};
			name = Release;
		};
/* End XCBuildConfiguration section */

/* Begin XCConfigurationList section */
		D513978629AE42400055D99C /* Build configuration list for PBXProject "MovieApp" */ = {
			isa = XCConfigurationList;
			buildConfigurations = (
				D513979D29AE42410055D99C /* Debug */,
				D513979E29AE42410055D99C /* Release */,
			);
			defaultConfigurationIsVisible = 0;
			defaultConfigurationName = Release;
		};
		D513979F29AE42410055D99C /* Build configuration list for PBXNativeTarget "MovieApp" */ = {
			isa = XCConfigurationList;
			buildConfigurations = (
				D51397A029AE42410055D99C /* Debug */,
				D51397A129AE42410055D99C /* Release */,
			);
			defaultConfigurationIsVisible = 0;
			defaultConfigurationName = Release;
		};
/* End XCConfigurationList section */

/* Begin XCRemoteSwiftPackageReference section */
		D50FD3B229E0C241004BA14F /* XCRemoteSwiftPackageReference "Kingfisher" */ = {
			isa = XCRemoteSwiftPackageReference;
			repositoryURL = "https://github.com/onevcat/Kingfisher.git";
			requirement = {
				branch = master;
				kind = branch;
			};
		};
		D50FD3B529E0C26C004BA14F /* XCRemoteSwiftPackageReference "Alamofire" */ = {
			isa = XCRemoteSwiftPackageReference;
			repositoryURL = "https://github.com/Alamofire/Alamofire";
			requirement = {
				branch = master;
				kind = branch;
			};
		};
/* End XCRemoteSwiftPackageReference section */

/* Begin XCSwiftPackageProductDependency section */
		D50FD3B329E0C241004BA14F /* Kingfisher */ = {
			isa = XCSwiftPackageProductDependency;
			package = D50FD3B229E0C241004BA14F /* XCRemoteSwiftPackageReference "Kingfisher" */;
			productName = Kingfisher;
		};
		D50FD3B629E0C26C004BA14F /* Alamofire */ = {
			isa = XCSwiftPackageProductDependency;
			package = D50FD3B529E0C26C004BA14F /* XCRemoteSwiftPackageReference "Alamofire" */;
			productName = Alamofire;
		};
/* End XCSwiftPackageProductDependency section */
	};
	rootObject = D513978329AE42400055D99C /* Project object */;
}
